
Microsoft Visual Studio Solution File, Format Version 11.00
# Visual Studio 2010
Project("{FAE04EC0-301F-11D3-BF4B-00C04F79EFBC}") = "MyNamespace", "MyNamespace\MyNamespace.csproj", "{A443A78E-C73C-4023-8DBB-C241D8CCA6A0}"
EndProject
Project("{FAE04EC0-301F-11D3-BF4B-00C04F79EFBC}") = "ReferenceApplication", "..\ReferenceApplication\ReferenceApplication.csproj", "{BEA53CC6-2969-4073-819B-1035E47C5684}"
EndProject
Global
	GlobalSection(SolutionConfigurationPlatforms) = preSolution
		Debug|Any CPU = Debug|Any CPU
		Debug|Mixed Platforms = Debug|Mixed Platforms
		Debug|x86 = Debug|x86
		Release|Any CPU = Release|Any CPU
		Release|Mixed Platforms = Release|Mixed Platforms
		Release|x86 = Release|x86
	EndGlobalSection
	GlobalSection(ProjectConfigurationPlatforms) = postSolution
		{A443A78E-C73C-4023-8DBB-C241D8CCA6A0}.Debug|Any CPU.ActiveCfg = Debug|Any CPU
		{A443A78E-C73C-4023-8DBB-C241D8CCA6A0}.Debug|Any CPU.Build.0 = Debug|Any CPU
		{A443A78E-C73C-4023-8DBB-C241D8CCA6A0}.Debug|Mixed Platforms.ActiveCfg = Debug|Any CPU
		{A443A78E-C73C-4023-8DBB-C241D8CCA6A0}.Debug|Mixed Platforms.Build.0 = Debug|Any CPU
		{A443A78E-C73C-4023-8DBB-C241D8CCA6A0}.Debug|x86.ActiveCfg = Debug|Any CPU
		{A443A78E-C73C-4023-8DBB-C241D8CCA6A0}.Release|Any CPU.ActiveCfg = Release|Any CPU
		{A443A78E-C73C-4023-8DBB-C241D8CCA6A0}.Release|Any CPU.Build.0 = Release|Any CPU
		{A443A78E-C73C-4023-8DBB-C241D8CCA6A0}.Release|Mixed Platforms.ActiveCfg = Release|Any CPU
		{A443A78E-C73C-4023-8DBB-C241D8CCA6A0}.Release|Mixed Platforms.Build.0 = Release|Any CPU
		{A443A78E-C73C-4023-8DBB-C241D8CCA6A0}.Release|x86.ActiveCfg = Release|Any CPU
		{BEA53CC6-2969-4073-819B-1035E47C5684}.Debug|Any CPU.ActiveCfg = Debug|x86
		{BEA53CC6-2969-4073-819B-1035E47C5684}.Debug|Mixed Platforms.ActiveCfg = Debug|x86
		{BEA53CC6-2969-4073-819B-1035E47C5684}.Debug|Mixed Platforms.Build.0 = Debug|x86
		{BEA53CC6-2969-4073-819B-1035E47C5684}.Debug|x86.ActiveCfg = Debug|x86
		{BEA53CC6-2969-4073-819B-1035E47C5684}.Debug|x86.Build.0 = Debug|x86
		{BEA53CC6-2969-4073-819B-1035E47C5684}.Release|Any CPU.ActiveCfg = Release|x86
		{BEA53CC6-2969-4073-819B-1035E47C5684}.Release|Mixed Platforms.ActiveCfg = Release|x86
		{BEA53CC6-2969-4073-819B-1035E47C5684}.Release|Mixed Platforms.Build.0 = Release|x86
		{BEA53CC6-2969-4073-819B-1035E47C5684}.Release|x86.ActiveCfg = Release|x86
		{BEA53CC6-2969-4073-819B-1035E47C5684}.Release|x86.Build.0 = Release|x86
	EndGlobalSection
	GlobalSection(SolutionProperties) = preSolution
		HideSolutionNode = FALSE
	EndGlobalSection
EndGlobal
