
Microsoft Visual Studio Solution File, Format Version 11.00
# Visual Studio 2010
Project("{FAE04EC0-301F-11D3-BF4B-00C04F79EFBC}") = "Strings", "Strings\Strings.csproj", "{446CBDC9-7C09-42FA-9BC2-9FAF11CBF9A7}"
EndProject
Global
	GlobalSection(SolutionConfigurationPlatforms) = preSolution
		Debug|x86 = Debug|x86
		Release|x86 = Release|x86
	EndGlobalSection
	GlobalSection(ProjectConfigurationPlatforms) = postSolution
		{446CBDC9-7C09-42FA-9BC2-9FAF11CBF9A7}.Debug|x86.ActiveCfg = Debug|x86
		{446CBDC9-7C09-42FA-9BC2-9FAF11CBF9A7}.Debug|x86.Build.0 = Debug|x86
		{446CBDC9-7C09-42FA-9BC2-9FAF11CBF9A7}.Release|x86.ActiveCfg = Release|x86
		{446CBDC9-7C09-42FA-9BC2-9FAF11CBF9A7}.Release|x86.Build.0 = Release|x86
	EndGlobalSection
	GlobalSection(SolutionProperties) = preSolution
		HideSolutionNode = FALSE
	EndGlobalSection
EndGlobal
