
Microsoft Visual Studio Solution File, Format Version 11.00
# Visual Studio 2010
Project("{FAE04EC0-301F-11D3-BF4B-00C04F79EFBC}") = "BindingXMLObject", "BindingXMLObject\BindingXMLObject.csproj", "{51A7FAFA-3C1E-4DBC-B5C7-C49E9E5A79B2}"
EndProject
Global
	GlobalSection(SolutionConfigurationPlatforms) = preSolution
		Debug|x86 = Debug|x86
		Release|x86 = Release|x86
	EndGlobalSection
	GlobalSection(ProjectConfigurationPlatforms) = postSolution
		{51A7FAFA-3C1E-4DBC-B5C7-C49E9E5A79B2}.Debug|x86.ActiveCfg = Debug|x86
		{51A7FAFA-3C1E-4DBC-B5C7-C49E9E5A79B2}.Debug|x86.Build.0 = Debug|x86
		{51A7FAFA-3C1E-4DBC-B5C7-C49E9E5A79B2}.Release|x86.ActiveCfg = Release|x86
		{51A7FAFA-3C1E-4DBC-B5C7-C49E9E5A79B2}.Release|x86.Build.0 = Release|x86
	EndGlobalSection
	GlobalSection(SolutionProperties) = preSolution
		HideSolutionNode = FALSE
	EndGlobalSection
EndGlobal
