
Microsoft Visual Studio Solution File, Format Version 11.00
# Visual Studio 2010
Project("{FAE04EC0-301F-11D3-BF4B-00C04F79EFBC}") = "EasingFunctionUse", "EasingFunctionUse\EasingFunctionUse.csproj", "{3147F3A0-0764-4945-B14E-11E755EE584A}"
EndProject
Global
	GlobalSection(SolutionConfigurationPlatforms) = preSolution
		Debug|x86 = Debug|x86
		Release|x86 = Release|x86
	EndGlobalSection
	GlobalSection(ProjectConfigurationPlatforms) = postSolution
		{3147F3A0-0764-4945-B14E-11E755EE584A}.Debug|x86.ActiveCfg = Debug|x86
		{3147F3A0-0764-4945-B14E-11E755EE584A}.Debug|x86.Build.0 = Debug|x86
		{3147F3A0-0764-4945-B14E-11E755EE584A}.Release|x86.ActiveCfg = Release|x86
		{3147F3A0-0764-4945-B14E-11E755EE584A}.Release|x86.Build.0 = Release|x86
	EndGlobalSection
	GlobalSection(SolutionProperties) = preSolution
		HideSolutionNode = FALSE
	EndGlobalSection
EndGlobal
