
Microsoft Visual Studio Solution File, Format Version 11.00
# Visual Studio 2010
Project("{FAE04EC0-301F-11D3-BF4B-00C04F79EFBC}") = "MyArrayOfObjects", "MyArrayOfObjects\MyArrayOfObjects.csproj", "{F12F0926-6795-43D7-BDEF-D51C8648A30E}"
EndProject
Global
	GlobalSection(SolutionConfigurationPlatforms) = preSolution
		Debug|x86 = Debug|x86
		Release|x86 = Release|x86
	EndGlobalSection
	GlobalSection(ProjectConfigurationPlatforms) = postSolution
		{F12F0926-6795-43D7-BDEF-D51C8648A30E}.Debug|x86.ActiveCfg = Debug|x86
		{F12F0926-6795-43D7-BDEF-D51C8648A30E}.Debug|x86.Build.0 = Debug|x86
		{F12F0926-6795-43D7-BDEF-D51C8648A30E}.Release|x86.ActiveCfg = Release|x86
		{F12F0926-6795-43D7-BDEF-D51C8648A30E}.Release|x86.Build.0 = Release|x86
	EndGlobalSection
	GlobalSection(SolutionProperties) = preSolution
		HideSolutionNode = FALSE
	EndGlobalSection
EndGlobal
