
Microsoft Visual Studio Solution File, Format Version 11.00
# Visual Studio 2010
Project("{FAE04EC0-301F-11D3-BF4B-00C04F79EFBC}") = "StackPanelControl", "StackPanelControl\StackPanelControl.csproj", "{18B35DA8-BC6F-4F25-973F-36C91F19057E}"
EndProject
Global
	GlobalSection(SolutionConfigurationPlatforms) = preSolution
		Debug|x86 = Debug|x86
		Release|x86 = Release|x86
	EndGlobalSection
	GlobalSection(ProjectConfigurationPlatforms) = postSolution
		{18B35DA8-BC6F-4F25-973F-36C91F19057E}.Debug|x86.ActiveCfg = Debug|x86
		{18B35DA8-BC6F-4F25-973F-36C91F19057E}.Debug|x86.Build.0 = Debug|x86
		{18B35DA8-BC6F-4F25-973F-36C91F19057E}.Release|x86.ActiveCfg = Release|x86
		{18B35DA8-BC6F-4F25-973F-36C91F19057E}.Release|x86.Build.0 = Release|x86
	EndGlobalSection
	GlobalSection(SolutionProperties) = preSolution
		HideSolutionNode = FALSE
	EndGlobalSection
EndGlobal
