
Microsoft Visual Studio Solution File, Format Version 11.00
# Visual Studio 2010
Project("{FAE04EC0-301F-11D3-BF4B-00C04F79EFBC}") = "MyDoWhileLoop", "MyDoWhileLoop\MyDoWhileLoop.csproj", "{9431453F-76F6-4756-B6CD-F1CEA7C6A85C}"
EndProject
Global
	GlobalSection(SolutionConfigurationPlatforms) = preSolution
		Debug|x86 = Debug|x86
		Release|x86 = Release|x86
	EndGlobalSection
	GlobalSection(ProjectConfigurationPlatforms) = postSolution
		{9431453F-76F6-4756-B6CD-F1CEA7C6A85C}.Debug|x86.ActiveCfg = Debug|x86
		{9431453F-76F6-4756-B6CD-F1CEA7C6A85C}.Debug|x86.Build.0 = Debug|x86
		{9431453F-76F6-4756-B6CD-F1CEA7C6A85C}.Release|x86.ActiveCfg = Release|x86
		{9431453F-76F6-4756-B6CD-F1CEA7C6A85C}.Release|x86.Build.0 = Release|x86
	EndGlobalSection
	GlobalSection(SolutionProperties) = preSolution
		HideSolutionNode = FALSE
	EndGlobalSection
EndGlobal
