
Microsoft Visual Studio Solution File, Format Version 11.00
# Visual Studio 2010
Project("{FAE04EC0-301F-11D3-BF4B-00C04F79EFBC}") = "MyInheritance", "MyInheritance\MyInheritance.csproj", "{DBFDCB2C-240E-4CC9-8B06-6FF8C7678635}"
EndProject
Global
	GlobalSection(SolutionConfigurationPlatforms) = preSolution
		Debug|x86 = Debug|x86
		Release|x86 = Release|x86
	EndGlobalSection
	GlobalSection(ProjectConfigurationPlatforms) = postSolution
		{DBFDCB2C-240E-4CC9-8B06-6FF8C7678635}.Debug|x86.ActiveCfg = Debug|x86
		{DBFDCB2C-240E-4CC9-8B06-6FF8C7678635}.Debug|x86.Build.0 = Debug|x86
		{DBFDCB2C-240E-4CC9-8B06-6FF8C7678635}.Release|x86.ActiveCfg = Release|x86
		{DBFDCB2C-240E-4CC9-8B06-6FF8C7678635}.Release|x86.Build.0 = Release|x86
	EndGlobalSection
	GlobalSection(SolutionProperties) = preSolution
		HideSolutionNode = FALSE
	EndGlobalSection
EndGlobal
