
Microsoft Visual Studio Solution File, Format Version 11.00
# Visual Studio 2010
Project("{FAE04EC0-301F-11D3-BF4B-00C04F79EFBC}") = "ImageBrush", "ImageBrush\ImageBrush.csproj", "{9EE33B87-B2EF-43D7-AFF1-9FDB8BB08514}"
EndProject
Global
	GlobalSection(SolutionConfigurationPlatforms) = preSolution
		Debug|x86 = Debug|x86
		Release|x86 = Release|x86
	EndGlobalSection
	GlobalSection(ProjectConfigurationPlatforms) = postSolution
		{9EE33B87-B2EF-43D7-AFF1-9FDB8BB08514}.Debug|x86.ActiveCfg = Debug|x86
		{9EE33B87-B2EF-43D7-AFF1-9FDB8BB08514}.Debug|x86.Build.0 = Debug|x86
		{9EE33B87-B2EF-43D7-AFF1-9FDB8BB08514}.Release|x86.ActiveCfg = Release|x86
		{9EE33B87-B2EF-43D7-AFF1-9FDB8BB08514}.Release|x86.Build.0 = Release|x86
	EndGlobalSection
	GlobalSection(SolutionProperties) = preSolution
		HideSolutionNode = FALSE
	EndGlobalSection
EndGlobal
