
Microsoft Visual Studio Solution File, Format Version 11.00
# Visual Studio 2010
Project("{FAE04EC0-301F-11D3-BF4B-00C04F79EFBC}") = "MyObjectInitializer", "MyObjectInitializer\MyObjectInitializer.csproj", "{4D5CAB30-01A6-4266-967A-7B13FC14B692}"
EndProject
Global
	GlobalSection(SolutionConfigurationPlatforms) = preSolution
		Debug|x86 = Debug|x86
		Release|x86 = Release|x86
	EndGlobalSection
	GlobalSection(ProjectConfigurationPlatforms) = postSolution
		{4D5CAB30-01A6-4266-967A-7B13FC14B692}.Debug|x86.ActiveCfg = Debug|x86
		{4D5CAB30-01A6-4266-967A-7B13FC14B692}.Debug|x86.Build.0 = Debug|x86
		{4D5CAB30-01A6-4266-967A-7B13FC14B692}.Release|x86.ActiveCfg = Release|x86
		{4D5CAB30-01A6-4266-967A-7B13FC14B692}.Release|x86.Build.0 = Release|x86
	EndGlobalSection
	GlobalSection(SolutionProperties) = preSolution
		HideSolutionNode = FALSE
	EndGlobalSection
EndGlobal
