
Microsoft Visual Studio Solution File, Format Version 11.00
# Visual Studio 2010
Project("{FAE04EC0-301F-11D3-BF4B-00C04F79EFBC}") = "ViewBoxControl", "ViewBoxControl\ViewBoxControl.csproj", "{FE516F86-5C39-4C8D-BB93-1D9F866C9CFD}"
EndProject
Global
	GlobalSection(SolutionConfigurationPlatforms) = preSolution
		Debug|x86 = Debug|x86
		Release|x86 = Release|x86
	EndGlobalSection
	GlobalSection(ProjectConfigurationPlatforms) = postSolution
		{FE516F86-5C39-4C8D-BB93-1D9F866C9CFD}.Debug|x86.ActiveCfg = Debug|x86
		{FE516F86-5C39-4C8D-BB93-1D9F866C9CFD}.Debug|x86.Build.0 = Debug|x86
		{FE516F86-5C39-4C8D-BB93-1D9F866C9CFD}.Release|x86.ActiveCfg = Release|x86
		{FE516F86-5C39-4C8D-BB93-1D9F866C9CFD}.Release|x86.Build.0 = Release|x86
	EndGlobalSection
	GlobalSection(SolutionProperties) = preSolution
		HideSolutionNode = FALSE
	EndGlobalSection
EndGlobal
