
Microsoft Visual Studio Solution File, Format Version 11.00
# Visual Studio 2010
Project("{FAE04EC0-301F-11D3-BF4B-00C04F79EFBC}") = "MyWhileLoop", "MyWhileLoop\MyWhileLoop.csproj", "{2F62D7E9-D500-4C14-BC40-0DB206B16EE7}"
EndProject
Global
	GlobalSection(SolutionConfigurationPlatforms) = preSolution
		Debug|x86 = Debug|x86
		Release|x86 = Release|x86
	EndGlobalSection
	GlobalSection(ProjectConfigurationPlatforms) = postSolution
		{2F62D7E9-D500-4C14-BC40-0DB206B16EE7}.Debug|x86.ActiveCfg = Debug|x86
		{2F62D7E9-D500-4C14-BC40-0DB206B16EE7}.Debug|x86.Build.0 = Debug|x86
		{2F62D7E9-D500-4C14-BC40-0DB206B16EE7}.Release|x86.ActiveCfg = Release|x86
		{2F62D7E9-D500-4C14-BC40-0DB206B16EE7}.Release|x86.Build.0 = Release|x86
	EndGlobalSection
	GlobalSection(SolutionProperties) = preSolution
		HideSolutionNode = FALSE
	EndGlobalSection
EndGlobal
