
Microsoft Visual Studio Solution File, Format Version 11.00
# Visual Studio 2010
Project("{FAE04EC0-301F-11D3-BF4B-00C04F79EFBC}") = "AccessKeys_Controls", "AccessKeys_Controls\AccessKeys_Controls.csproj", "{06ED8143-F7AD-48F0-A3BE-8F641CB2E827}"
EndProject
Global
	GlobalSection(SolutionConfigurationPlatforms) = preSolution
		Debug|x86 = Debug|x86
		Release|x86 = Release|x86
	EndGlobalSection
	GlobalSection(ProjectConfigurationPlatforms) = postSolution
		{06ED8143-F7AD-48F0-A3BE-8F641CB2E827}.Debug|x86.ActiveCfg = Debug|x86
		{06ED8143-F7AD-48F0-A3BE-8F641CB2E827}.Debug|x86.Build.0 = Debug|x86
		{06ED8143-F7AD-48F0-A3BE-8F641CB2E827}.Release|x86.ActiveCfg = Release|x86
		{06ED8143-F7AD-48F0-A3BE-8F641CB2E827}.Release|x86.Build.0 = Release|x86
	EndGlobalSection
	GlobalSection(SolutionProperties) = preSolution
		HideSolutionNode = FALSE
	EndGlobalSection
EndGlobal
