
Microsoft Visual Studio Solution File, Format Version 11.00
# Visual Studio 2010
Project("{FAE04EC0-301F-11D3-BF4B-00C04F79EFBC}") = "UseProductSP", "UseProductSP\UseProductSP.csproj", "{958713DD-2B47-4627-B9CB-88059AD45E26}"
EndProject
Global
	GlobalSection(SolutionConfigurationPlatforms) = preSolution
		Debug|x86 = Debug|x86
		Release|x86 = Release|x86
	EndGlobalSection
	GlobalSection(ProjectConfigurationPlatforms) = postSolution
		{958713DD-2B47-4627-B9CB-88059AD45E26}.Debug|x86.ActiveCfg = Debug|x86
		{958713DD-2B47-4627-B9CB-88059AD45E26}.Debug|x86.Build.0 = Debug|x86
		{958713DD-2B47-4627-B9CB-88059AD45E26}.Release|x86.ActiveCfg = Release|x86
		{958713DD-2B47-4627-B9CB-88059AD45E26}.Release|x86.Build.0 = Release|x86
	EndGlobalSection
	GlobalSection(SolutionProperties) = preSolution
		HideSolutionNode = FALSE
	EndGlobalSection
EndGlobal
