
Microsoft Visual Studio Solution File, Format Version 11.00
# Visual Studio 2010
Project("{FAE04EC0-301F-11D3-BF4B-00C04F79EFBC}") = "MyExtensionMethod", "MyExtensionMethod\MyExtensionMethod.csproj", "{1F7211FA-3F9F-4AC6-8AE5-81CB915B0B5C}"
EndProject
Global
	GlobalSection(SolutionConfigurationPlatforms) = preSolution
		Debug|x86 = Debug|x86
		Release|x86 = Release|x86
	EndGlobalSection
	GlobalSection(ProjectConfigurationPlatforms) = postSolution
		{1F7211FA-3F9F-4AC6-8AE5-81CB915B0B5C}.Debug|x86.ActiveCfg = Debug|x86
		{1F7211FA-3F9F-4AC6-8AE5-81CB915B0B5C}.Debug|x86.Build.0 = Debug|x86
		{1F7211FA-3F9F-4AC6-8AE5-81CB915B0B5C}.Release|x86.ActiveCfg = Release|x86
		{1F7211FA-3F9F-4AC6-8AE5-81CB915B0B5C}.Release|x86.Build.0 = Release|x86
	EndGlobalSection
	GlobalSection(SolutionProperties) = preSolution
		HideSolutionNode = FALSE
	EndGlobalSection
EndGlobal
