
Microsoft Visual Studio Solution File, Format Version 11.00
# Visual Studio 2010
Project("{FAE04EC0-301F-11D3-BF4B-00C04F79EFBC}") = "ParameterizedQueries", "ParameterizedQueries\ParameterizedQueries.csproj", "{57767A77-954D-4415-88A5-7F663F32DF78}"
EndProject
Global
	GlobalSection(SolutionConfigurationPlatforms) = preSolution
		Debug|x86 = Debug|x86
		Release|x86 = Release|x86
	EndGlobalSection
	GlobalSection(ProjectConfigurationPlatforms) = postSolution
		{57767A77-954D-4415-88A5-7F663F32DF78}.Debug|x86.ActiveCfg = Debug|x86
		{57767A77-954D-4415-88A5-7F663F32DF78}.Debug|x86.Build.0 = Debug|x86
		{57767A77-954D-4415-88A5-7F663F32DF78}.Release|x86.ActiveCfg = Release|x86
		{57767A77-954D-4415-88A5-7F663F32DF78}.Release|x86.Build.0 = Release|x86
	EndGlobalSection
	GlobalSection(SolutionProperties) = preSolution
		HideSolutionNode = FALSE
	EndGlobalSection
EndGlobal
